{
  "nodes": {
    "crane": {
      "inputs": {
        "nixpkgs": [
          "refinedrust",
          "nixpkgs"
        ]
      },
      "locked": {
        "lastModified": 1713979152,
        "narHash": "sha256-apdecPuh8SOQnkEET/kW/UcfjCRb8JbV5BKjoH+DcP4=",
        "owner": "ipetkov",
        "repo": "crane",
        "rev": "a5eca68a2cf11adb32787fc141cddd29ac8eb79c",
        "type": "github"
      },
      "original": {
        "owner": "ipetkov",
        "repo": "crane",
        "type": "github"
      }
    },
    "fenix": {
      "inputs": {
        "nixpkgs": [
          "refinedrust",
          "nixpkgs"
        ],
        "rust-analyzer-src": "rust-analyzer-src"
      },
      "locked": {
        "lastModified": 1714026264,
        "narHash": "sha256-rIRsxOZ/eUnWVHfbJlXXQtYriPICFgHGyao5jxm1FMQ=",
        "owner": "nix-community",
        "repo": "fenix",
        "rev": "4e14e4f21fbd7afae40a492b7d937cbf16f76b11",
        "type": "github"
      },
      "original": {
        "owner": "nix-community",
        "repo": "fenix",
        "type": "github"
      }
    },
    "flake-utils": {
      "inputs": {
        "systems": "systems"
      },
      "locked": {
        "lastModified": 1726560853,
        "narHash": "sha256-X6rJYSESBVr3hBoH0WbKE5KvhPU5bloyZ2L4K60/fPQ=",
        "owner": "numtide",
        "repo": "flake-utils",
        "rev": "c1dfcf08411b08f6b8615f7d8971a2bfa81d5e8a",
        "type": "github"
      },
      "original": {
        "owner": "numtide",
        "repo": "flake-utils",
        "type": "github"
      }
    },
    "flake-utils_2": {
      "inputs": {
        "systems": "systems_2"
      },
      "locked": {
        "lastModified": 1710146030,
        "narHash": "sha256-SZ5L6eA7HJ/nmkzGG7/ISclqe6oZdOZTNoesiInkXPQ=",
        "owner": "numtide",
        "repo": "flake-utils",
        "rev": "b1d9ab70662946ef0850d488da1c9019f3a9752a",
        "type": "github"
      },
      "original": {
        "owner": "numtide",
        "repo": "flake-utils",
        "type": "github"
      }
    },
    "nixpkgs": {
      "locked": {
        "lastModified": 1720535198,
        "narHash": "sha256-zwVvxrdIzralnSbcpghA92tWu2DV2lwv89xZc8MTrbg=",
        "owner": "NixOS",
        "repo": "nixpkgs",
        "rev": "205fd4226592cc83fd4c0885a3e4c9c400efabb5",
        "type": "github"
      },
      "original": {
        "id": "nixpkgs",
        "ref": "nixos-23.11",
        "type": "indirect"
      }
    },
    "nixpkgs_2": {
      "locked": {
        "lastModified": 1713828541,
        "narHash": "sha256-KtvQeE12MSkCOhvVmnmcZCjnx7t31zWin2XVSDOwBDE=",
        "owner": "NixOS",
        "repo": "nixpkgs",
        "rev": "b500489fd3cf653eafc075f9362423ad5cdd8676",
        "type": "github"
      },
      "original": {
        "id": "nixpkgs",
        "ref": "nixos-23.11",
        "type": "indirect"
      }
    },
    "refinedrust": {
      "inputs": {
        "crane": "crane",
        "fenix": "fenix",
        "flake-utils": "flake-utils_2",
        "nixpkgs": "nixpkgs_2"
      },
      "locked": {
        "dirtyRev": "a0a1c4e2c644e6f2e9c904f6a4037d18eccc79e3-dirty",
        "dirtyShortRev": "a0a1c4e-dirty",
        "lastModified": 1724240148,
        "narHash": "sha256-kWsZdb635ykE68XkdLtZILXmDf13NqJWIUJcGQkWmXs=",
        "type": "git",
        "url": "file:///home/shinaikakishita/projects/tlsf-verif/refinedrust-dev"
      },
      "original": {
        "type": "git",
        "url": "file:///home/shinaikakishita/projects/tlsf-verif/refinedrust-dev"
      }
    },
    "root": {
      "inputs": {
        "flake-utils": "flake-utils",
        "nixpkgs": "nixpkgs",
        "refinedrust": "refinedrust"
      }
    },
    "rust-analyzer-src": {
      "flake": false,
      "locked": {
        "lastModified": 1713944769,
        "narHash": "sha256-CmR7q1UAgW9OaJaahz3gCzzUY4ROvVI92xjfSp9xot4=",
        "owner": "rust-lang",
        "repo": "rust-analyzer",
        "rev": "73a427588a787847fb0e9547d7615200587165db",
        "type": "github"
      },
      "original": {
        "owner": "rust-lang",
        "ref": "nightly",
        "repo": "rust-analyzer",
        "type": "github"
      }
    },
    "systems": {
      "locked": {
        "lastModified": 1681028828,
        "narHash": "sha256-Vy1rq5AaRuLzOxct8nz4T6wlgyUR7zLU309k9mBC768=",
        "owner": "nix-systems",
        "repo": "default",
        "rev": "da67096a3b9bf56a91d16901293e51ba5b49a27e",
        "type": "github"
      },
      "original": {
        "owner": "nix-systems",
        "repo": "default",
        "type": "github"
      }
    },
    "systems_2": {
      "locked": {
        "lastModified": 1681028828,
        "narHash": "sha256-Vy1rq5AaRuLzOxct8nz4T6wlgyUR7zLU309k9mBC768=",
        "owner": "nix-systems",
        "repo": "default",
        "rev": "da67096a3b9bf56a91d16901293e51ba5b49a27e",
        "type": "github"
      },
      "original": {
        "owner": "nix-systems",
        "repo": "default",
        "type": "github"
      }
    }
  },
  "root": "root",
  "version": 7
}
